
Microsoft Visual Studio Solution File, Format Version 12.00
# Visual Studio Version 17
VisualStudioVersion = 17.0.31903.59
MinimumVisualStudioVersion = 10.0.40219.1
Project("{2150E333-8FDC-42A3-9474-1A3956D46DE8}") = "Paws.DotNet", "Paws.DotNet", "{2B91DED0-0A9D-431F-AE2E-03606AB2FAC9}"
EndProject
Project("{FAE04EC0-301F-11D3-BF4B-00C04F79EFBC}") = "Paws.Host", "Paws.DotNet\Paws.Host\Paws.Host.csproj", "{9A9FE067-4689-4F18-9E37-673ECA9739B3}"
EndProject
Project("{FAE04EC0-301F-11D3-BF4B-00C04F79EFBC}") = "Paws.Core.Abstractions", "Paws.DotNet\Paws.Core.Abstractions\Paws.Core.Abstractions.csproj", "{B14DD43A-A4AC-4D1B-8983-E69E25F4AF0D}"
EndProject
Project("{FAE04EC0-301F-11D3-BF4B-00C04F79EFBC}") = "Paws.Plugin.Dummy", "Paws.DotNet\Paws.Plugin.Dummy\Paws.Plugin.Dummy.csproj", "{F46870CD-0104-4937-A326-CB309CCDE380}"
EndProject
Global
	GlobalSection(SolutionConfigurationPlatforms) = preSolution
		Debug|Any CPU = Debug|Any CPU
		Release|Any CPU = Release|Any CPU
	EndGlobalSection
	GlobalSection(SolutionProperties) = preSolution
		HideSolutionNode = FALSE
	EndGlobalSection
	GlobalSection(ProjectConfigurationPlatforms) = postSolution
		{9A9FE067-4689-4F18-9E37-673ECA9739B3}.Debug|Any CPU.ActiveCfg = Debug|Any CPU
		{9A9FE067-4689-4F18-9E37-673ECA9739B3}.Debug|Any CPU.Build.0 = Debug|Any CPU
		{9A9FE067-4689-4F18-9E37-673ECA9739B3}.Release|Any CPU.ActiveCfg = Release|Any CPU
		{9A9FE067-4689-4F18-9E37-673ECA9739B3}.Release|Any CPU.Build.0 = Release|Any CPU
		{B14DD43A-A4AC-4D1B-8983-E69E25F4AF0D}.Debug|Any CPU.ActiveCfg = Debug|Any CPU
		{B14DD43A-A4AC-4D1B-8983-E69E25F4AF0D}.Debug|Any CPU.Build.0 = Debug|Any CPU
		{B14DD43A-A4AC-4D1B-8983-E69E25F4AF0D}.Release|Any CPU.ActiveCfg = Release|Any CPU
		{B14DD43A-A4AC-4D1B-8983-E69E25F4AF0D}.Release|Any CPU.Build.0 = Release|Any CPU
		{F46870CD-0104-4937-A326-CB309CCDE380}.Debug|Any CPU.ActiveCfg = Debug|Any CPU
		{F46870CD-0104-4937-A326-CB309CCDE380}.Debug|Any CPU.Build.0 = Debug|Any CPU
		{F46870CD-0104-4937-A326-CB309CCDE380}.Release|Any CPU.ActiveCfg = Release|Any CPU
		{F46870CD-0104-4937-A326-CB309CCDE380}.Release|Any CPU.Build.0 = Release|Any CPU
	EndGlobalSection
	GlobalSection(NestedProjects) = preSolution
		{9A9FE067-4689-4F18-9E37-673ECA9739B3} = {2B91DED0-0A9D-431F-AE2E-03606AB2FAC9}
		{B14DD43A-A4AC-4D1B-8983-E69E25F4AF0D} = {2B91DED0-0A9D-431F-AE2E-03606AB2FAC9}
		{F46870CD-0104-4937-A326-CB309CCDE380} = {2B91DED0-0A9D-431F-AE2E-03606AB2FAC9}
	EndGlobalSection
EndGlobal
